
Microsoft Visual Studio Solution File, Format Version 12.00
# Visual Studio Version 17
VisualStudioVersion = 17.4.33213.308
MinimumVisualStudioVersion = 10.0.40219.1
Project("{FAE04EC0-301F-11D3-BF4B-00C04F79EFBC}") = "BaiTapLon", "BaiTapLon\BaiTapLon.csproj", "{0F7E91E1-C578-4C20-92C2-8B73D4ADFD58}"
EndProject
Global
	GlobalSection(SolutionConfigurationPlatforms) = preSolution
		Debug|Any CPU = Debug|Any CPU
		Release|Any CPU = Release|Any CPU
	EndGlobalSection
	GlobalSection(ProjectConfigurationPlatforms) = postSolution
		{0F7E91E1-C578-4C20-92C2-8B73D4ADFD58}.Debug|Any CPU.ActiveCfg = Debug|Any CPU
		{0F7E91E1-C578-4C20-92C2-8B73D4ADFD58}.Debug|Any CPU.Build.0 = Debug|Any CPU
		{0F7E91E1-C578-4C20-92C2-8B73D4ADFD58}.Release|Any CPU.ActiveCfg = Release|Any CPU
		{0F7E91E1-C578-4C20-92C2-8B73D4ADFD58}.Release|Any CPU.Build.0 = Release|Any CPU
	EndGlobalSection
	GlobalSection(SolutionProperties) = preSolution
		HideSolutionNode = FALSE
	EndGlobalSection
	GlobalSection(ExtensibilityGlobals) = postSolution
		SolutionGuid = {A729B437-F5ED-4095-BF44-6E4D9EEEF55B}
	EndGlobalSection
EndGlobal
